
Microsoft Visual Studio Solution File, Format Version 12.00
# Visual Studio Version 16
VisualStudioVersion = 16.0.30413.136
MinimumVisualStudioVersion = 10.0.40219.1
Project("{9A19103F-16F7-4668-BE54-9A1E7A4F7556}") = "Lab1", "Lab1\Lab1.csproj", "{857321BF-C5A8-44BD-983A-22F6AA47262E}"
EndProject
Project("{FAE04EC0-301F-11D3-BF4B-00C04F79EFBC}") = "MathStat", "MathStat\MathStat.csproj", "{9F754A75-A38A-4CEF-A691-189A04891C2D}"
EndProject
Global
	GlobalSection(SolutionConfigurationPlatforms) = preSolution
		Debug|Any CPU = Debug|Any CPU
		Release|Any CPU = Release|Any CPU
	EndGlobalSection
	GlobalSection(ProjectConfigurationPlatforms) = postSolution
		{857321BF-C5A8-44BD-983A-22F6AA47262E}.Debug|Any CPU.ActiveCfg = Debug|Any CPU
		{857321BF-C5A8-44BD-983A-22F6AA47262E}.Debug|Any CPU.Build.0 = Debug|Any CPU
		{857321BF-C5A8-44BD-983A-22F6AA47262E}.Release|Any CPU.ActiveCfg = Release|Any CPU
		{857321BF-C5A8-44BD-983A-22F6AA47262E}.Release|Any CPU.Build.0 = Release|Any CPU
		{9F754A75-A38A-4CEF-A691-189A04891C2D}.Debug|Any CPU.ActiveCfg = Debug|Any CPU
		{9F754A75-A38A-4CEF-A691-189A04891C2D}.Debug|Any CPU.Build.0 = Debug|Any CPU
		{9F754A75-A38A-4CEF-A691-189A04891C2D}.Release|Any CPU.ActiveCfg = Release|Any CPU
		{9F754A75-A38A-4CEF-A691-189A04891C2D}.Release|Any CPU.Build.0 = Release|Any CPU
	EndGlobalSection
	GlobalSection(SolutionProperties) = preSolution
		HideSolutionNode = FALSE
	EndGlobalSection
	GlobalSection(ExtensibilityGlobals) = postSolution
		SolutionGuid = {5D3B91A9-B965-458F-85C4-ACEFC0A11826}
	EndGlobalSection
EndGlobal
